
Microsoft Visual Studio Solution File, Format Version 12.00
# Visual Studio Version 17
VisualStudioVersion = 17.13.35931.197
MinimumVisualStudioVersion = 10.0.40219.1
Project("{FAE04EC0-301F-11D3-BF4B-00C04F79EFBC}") = "first_c#", "first_c#\first_c#.csproj", "{4BA76E41-230B-4027-977C-E4E73CEDAA5F}"
EndProject
Project("{FAE04EC0-301F-11D3-BF4B-00C04F79EFBC}") = "InputAndStringOperations", "InputAndStringOperations\InputAndStringOperations.csproj", "{3A6995EA-FB52-445C-8887-41C332BC5A74}"
EndProject
Project("{FAE04EC0-301F-11D3-BF4B-00C04F79EFBC}") = "DataTypes", "DataTypes\DataTypes.csproj", "{6CD31B1F-978C-42C9-82C7-267B0590935B}"
EndProject
Project("{FAE04EC0-301F-11D3-BF4B-00C04F79EFBC}") = "keyWASD", "keyWASD\keyWASD.csproj", "{CBA0BDC0-1530-445E-AEFD-C4378D93435C}"
EndProject
Project("{FAE04EC0-301F-11D3-BF4B-00C04F79EFBC}") = "calculator", "calculator\calculator.csproj", "{2F6A6069-1C90-45A7-9386-7393E8109197}"
EndProject
Project("{FAE04EC0-301F-11D3-BF4B-00C04F79EFBC}") = "Geometry", "Geometry\Geometry.csproj", "{974D202B-1AA7-4D85-9EB4-FA0D2AF9E630}"
EndProject
Global
	GlobalSection(SolutionConfigurationPlatforms) = preSolution
		Debug|Any CPU = Debug|Any CPU
		Release|Any CPU = Release|Any CPU
	EndGlobalSection
	GlobalSection(ProjectConfigurationPlatforms) = postSolution
		{4BA76E41-230B-4027-977C-E4E73CEDAA5F}.Debug|Any CPU.ActiveCfg = Debug|Any CPU
		{4BA76E41-230B-4027-977C-E4E73CEDAA5F}.Debug|Any CPU.Build.0 = Debug|Any CPU
		{4BA76E41-230B-4027-977C-E4E73CEDAA5F}.Release|Any CPU.ActiveCfg = Release|Any CPU
		{4BA76E41-230B-4027-977C-E4E73CEDAA5F}.Release|Any CPU.Build.0 = Release|Any CPU
		{3A6995EA-FB52-445C-8887-41C332BC5A74}.Debug|Any CPU.ActiveCfg = Debug|Any CPU
		{3A6995EA-FB52-445C-8887-41C332BC5A74}.Debug|Any CPU.Build.0 = Debug|Any CPU
		{3A6995EA-FB52-445C-8887-41C332BC5A74}.Release|Any CPU.ActiveCfg = Release|Any CPU
		{3A6995EA-FB52-445C-8887-41C332BC5A74}.Release|Any CPU.Build.0 = Release|Any CPU
		{6CD31B1F-978C-42C9-82C7-267B0590935B}.Debug|Any CPU.ActiveCfg = Debug|Any CPU
		{6CD31B1F-978C-42C9-82C7-267B0590935B}.Debug|Any CPU.Build.0 = Debug|Any CPU
		{6CD31B1F-978C-42C9-82C7-267B0590935B}.Release|Any CPU.ActiveCfg = Release|Any CPU
		{6CD31B1F-978C-42C9-82C7-267B0590935B}.Release|Any CPU.Build.0 = Release|Any CPU
		{CBA0BDC0-1530-445E-AEFD-C4378D93435C}.Debug|Any CPU.ActiveCfg = Debug|Any CPU
		{CBA0BDC0-1530-445E-AEFD-C4378D93435C}.Debug|Any CPU.Build.0 = Debug|Any CPU
		{CBA0BDC0-1530-445E-AEFD-C4378D93435C}.Release|Any CPU.ActiveCfg = Release|Any CPU
		{CBA0BDC0-1530-445E-AEFD-C4378D93435C}.Release|Any CPU.Build.0 = Release|Any CPU
		{2F6A6069-1C90-45A7-9386-7393E8109197}.Debug|Any CPU.ActiveCfg = Debug|Any CPU
		{2F6A6069-1C90-45A7-9386-7393E8109197}.Debug|Any CPU.Build.0 = Debug|Any CPU
		{2F6A6069-1C90-45A7-9386-7393E8109197}.Release|Any CPU.ActiveCfg = Release|Any CPU
		{2F6A6069-1C90-45A7-9386-7393E8109197}.Release|Any CPU.Build.0 = Release|Any CPU
		{974D202B-1AA7-4D85-9EB4-FA0D2AF9E630}.Debug|Any CPU.ActiveCfg = Debug|Any CPU
		{974D202B-1AA7-4D85-9EB4-FA0D2AF9E630}.Debug|Any CPU.Build.0 = Debug|Any CPU
		{974D202B-1AA7-4D85-9EB4-FA0D2AF9E630}.Release|Any CPU.ActiveCfg = Release|Any CPU
		{974D202B-1AA7-4D85-9EB4-FA0D2AF9E630}.Release|Any CPU.Build.0 = Release|Any CPU
	EndGlobalSection
	GlobalSection(SolutionProperties) = preSolution
		HideSolutionNode = FALSE
	EndGlobalSection
	GlobalSection(ExtensibilityGlobals) = postSolution
		SolutionGuid = {0F38C3EE-E7C8-4EDC-8071-4DA580CAD97F}
	EndGlobalSection
EndGlobal
